
Microsoft Visual Studio Solution File, Format Version 12.00
# Visual Studio 14
VisualStudioVersion = 14.0.23107.0
MinimumVisualStudioVersion = 10.0.40219.1
Project("{2150E333-8FDC-42A3-9474-1A3956D46DE8}") = "10 Days Of Statistics", "10 Days Of Statistics", "{2B5D2FF9-D50D-423C-8FB3-39BA5E28348B}"
EndProject
Project("{FAE04EC0-301F-11D3-BF4B-00C04F79EFBC}") = "weighted_mean", "weighted_mean\weighted_mean.csproj", "{35AD8C39-8416-475D-A099-09DFA6797297}"
EndProject
Project("{2150E333-8FDC-42A3-9474-1A3956D46DE8}") = "Cracking the Coding Interview Challenges", "Cracking the Coding Interview Challenges", "{F9F6CF40-7837-4112-AC56-63DC6AF67D2D}"
EndProject
Project("{FAE04EC0-301F-11D3-BF4B-00C04F79EFBC}") = "arrays_left_rotation", "arrays_left_rotation\arrays_left_rotation.csproj", "{E31C3D0D-80DA-4819-AF66-5FD61C03C493}"
EndProject
Project("{FAE04EC0-301F-11D3-BF4B-00C04F79EFBC}") = "quartiles", "quartiles\quartiles.csproj", "{D3F793D1-3E81-4C71-9254-1BB2C06A9825}"
EndProject
Project("{FAE04EC0-301F-11D3-BF4B-00C04F79EFBC}") = "interquartile_range", "interquartile_range\interquartile_range.csproj", "{F6AA9AE7-4824-49EA-A0A7-A7D5F8993955}"
EndProject
Project("{FAE04EC0-301F-11D3-BF4B-00C04F79EFBC}") = "standard_deviation", "standard_deviation\standard_deviation.csproj", "{8859F96A-C03C-4AE7-B6FC-5D573D6DF8EE}"
EndProject
Project("{FAE04EC0-301F-11D3-BF4B-00C04F79EFBC}") = "strings_making_anagrams", "strings_making_anagrams\strings_making_anagrams.csproj", "{E05B8D3F-9945-4807-8EE7-EA94FC1A6957}"
EndProject
Project("{FAE04EC0-301F-11D3-BF4B-00C04F79EFBC}") = "hash_tables_ransom_note", "hash_tables_ransom_note\hash_tables_ransom_note.csproj", "{77F80A9A-0257-4068-B9BA-CE3F2FB06B15}"
EndProject
Project("{FAE04EC0-301F-11D3-BF4B-00C04F79EFBC}") = "mean_median_and_mode", "mean_median_and_mode\mean_median_and_mode.csproj", "{77FB5505-E9CC-4BCA-8324-A0EAE0FC8B97}"
EndProject
Project("{FAE04EC0-301F-11D3-BF4B-00C04F79EFBC}") = "stacks_balanced_brackets", "stacks_balanced_brackets\stacks_balanced_brackets.csproj", "{617C2440-EA1C-4F6C-8962-FEF6FF11FA61}"
EndProject
Project("{FAE04EC0-301F-11D3-BF4B-00C04F79EFBC}") = "queues_a_tale_of_two_stacks", "queues_a_tale_of_two_stacks\queues_a_tale_of_two_stacks.csproj", "{C38FB4C1-C066-4BA9-81B3-D42DDF128F37}"
EndProject
Project("{FAE04EC0-301F-11D3-BF4B-00C04F79EFBC}") = "heaps_finding_the_running_median", "heaps_finding_the_running_median\heaps_finding_the_running_median.csproj", "{6930DEED-53FD-40DE-B1CB-0048730377EB}"
EndProject
Project("{FAE04EC0-301F-11D3-BF4B-00C04F79EFBC}") = "sorting_bubble_sort", "sorting_bubble_sort\sorting_bubble_sort.csproj", "{94015ACF-3E22-4AB1-931A-40B355101EA1}"
EndProject
Project("{FAE04EC0-301F-11D3-BF4B-00C04F79EFBC}") = "binary_search_ice_cream_parlor", "binary_search_ice_cream_parlor\binary_search_ice_cream_parlor.csproj", "{8AADAB0E-A6C8-43D8-A9D7-7E31FA5C2A83}"
EndProject
Project("{2150E333-8FDC-42A3-9474-1A3956D46DE8}") = "Algorithms", "Algorithms", "{2FE7ABF3-5E9D-4703-B305-63BE17030251}"
EndProject
Project("{2150E333-8FDC-42A3-9474-1A3956D46DE8}") = "Constructive Algorithms", "Constructive Algorithms", "{AB5A2D10-5763-4EEE-B64A-49BAE95EEC7B}"
EndProject
Project("{FAE04EC0-301F-11D3-BF4B-00C04F79EFBC}") = "flipping_the_matrix", "flipping_the_matrix\flipping_the_matrix.csproj", "{F8053C22-2496-4789-B16C-2A6D94AF9389}"
EndProject
Project("{FAE04EC0-301F-11D3-BF4B-00C04F79EFBC}") = "bonetrousle", "bonetrousle\bonetrousle.csproj", "{6FB2631D-B669-40FF-AC23-79F37C33503A}"
EndProject
Project("{2150E333-8FDC-42A3-9474-1A3956D46DE8}") = "Data Structures", "Data Structures", "{37CBAC7D-F45F-4B99-A0C0-D4C4216CF0EF}"
EndProject
Project("{2150E333-8FDC-42A3-9474-1A3956D46DE8}") = "Arrays", "Arrays", "{FE8F6C88-6D51-45D7-82B9-40525FA830E3}"
EndProject
Project("{FAE04EC0-301F-11D3-BF4B-00C04F79EFBC}") = "left_rotation", "left_rotation\left_rotation.csproj", "{F5FC67C3-F544-48C4-BFDE-CA84FFD803B1}"
EndProject
Project("{FAE04EC0-301F-11D3-BF4B-00C04F79EFBC}") = "algorithmic_crush", "algorithmic_crush\algorithmic_crush.csproj", "{B0CB1BC7-9B79-4ECE-8FEA-EA0AD1EB37FD}"
EndProject
Project("{2150E333-8FDC-42A3-9474-1A3956D46DE8}") = "Stacks", "Stacks", "{E1E1A9EF-EF7B-40F8-8A25-B9FC3E694977}"
EndProject
Project("{FAE04EC0-301F-11D3-BF4B-00C04F79EFBC}") = "maximum_element", "maximum_element\maximum_element.csproj", "{5CF995E1-DE08-4A81-BB97-FEDAB41F429B}"
EndProject
Project("{FAE04EC0-301F-11D3-BF4B-00C04F79EFBC}") = "balanced_brackets", "balanced_brackets\balanced_brackets.csproj", "{224A4907-A8D6-4BFD-8805-6FA847F9CED2}"
EndProject
Project("{2150E333-8FDC-42A3-9474-1A3956D46DE8}") = "Search", "Search", "{41BC3264-83F1-4C58-AC40-1954FC75485E}"
EndProject
Project("{FAE04EC0-301F-11D3-BF4B-00C04F79EFBC}") = "missing_numbers", "missing_numbers\missing_numbers.csproj", "{0CBDB46F-BE44-4BB8-AEDA-24F40093ECC4}"
EndProject
Project("{FAE04EC0-301F-11D3-BF4B-00C04F79EFBC}") = "pairs", "pairs\pairs.csproj", "{AFA38228-02CA-4176-A1F5-5C6605B2C327}"
EndProject
Project("{2150E333-8FDC-42A3-9474-1A3956D46DE8}") = "Dynamic Programming", "Dynamic Programming", "{918054BC-A991-494F-A9B8-F5C849FA5840}"
EndProject
Project("{FAE04EC0-301F-11D3-BF4B-00C04F79EFBC}") = "string_reduction", "string_reduction\string_reduction.csproj", "{64E158AA-6892-4B7D-9338-2697C109AC1E}"
EndProject
Project("{2150E333-8FDC-42A3-9474-1A3956D46DE8}") = "Implementation", "Implementation", "{BF320BE0-C632-4FE1-ACFE-607BA6F57D5D}"
EndProject
Project("{FAE04EC0-301F-11D3-BF4B-00C04F79EFBC}") = "Encryption", "Encryption\Encryption.csproj", "{7F7CF4DD-F626-4CD5-B59F-24E39413FB5A}"
EndProject
Project("{2150E333-8FDC-42A3-9474-1A3956D46DE8}") = "Strings", "Strings", "{46C17BEE-23DC-4A13-96AC-A134B51F82E2}"
EndProject
Project("{FAE04EC0-301F-11D3-BF4B-00C04F79EFBC}") = "the_love_letter_mystery", "the_love_letter_mystery\the_love_letter_mystery.csproj", "{2A17E968-384E-4156-9E50-77D8FF32817E}"
EndProject
Project("{FAE04EC0-301F-11D3-BF4B-00C04F79EFBC}") = "palindrome_index", "palindrome_index\palindrome_index.csproj", "{74704B26-8707-48B9-AE89-4B29090C32B6}"
EndProject
Project("{2150E333-8FDC-42A3-9474-1A3956D46DE8}") = "Sorting", "Sorting", "{F4D3503C-B4FE-4C85-AD40-B91B12526590}"
EndProject
Project("{FAE04EC0-301F-11D3-BF4B-00C04F79EFBC}") = "closest_numbers", "closest_numbers\closest_numbers.csproj", "{F384206D-8EB8-4949-BCBD-FE8521FA9991}"
EndProject
Global
	GlobalSection(SolutionConfigurationPlatforms) = preSolution
		Debug|Any CPU = Debug|Any CPU
		Release|Any CPU = Release|Any CPU
	EndGlobalSection
	GlobalSection(ProjectConfigurationPlatforms) = postSolution
		{35AD8C39-8416-475D-A099-09DFA6797297}.Debug|Any CPU.ActiveCfg = Debug|Any CPU
		{35AD8C39-8416-475D-A099-09DFA6797297}.Debug|Any CPU.Build.0 = Debug|Any CPU
		{35AD8C39-8416-475D-A099-09DFA6797297}.Release|Any CPU.ActiveCfg = Release|Any CPU
		{35AD8C39-8416-475D-A099-09DFA6797297}.Release|Any CPU.Build.0 = Release|Any CPU
		{E31C3D0D-80DA-4819-AF66-5FD61C03C493}.Debug|Any CPU.ActiveCfg = Debug|Any CPU
		{E31C3D0D-80DA-4819-AF66-5FD61C03C493}.Debug|Any CPU.Build.0 = Debug|Any CPU
		{E31C3D0D-80DA-4819-AF66-5FD61C03C493}.Release|Any CPU.ActiveCfg = Release|Any CPU
		{E31C3D0D-80DA-4819-AF66-5FD61C03C493}.Release|Any CPU.Build.0 = Release|Any CPU
		{D3F793D1-3E81-4C71-9254-1BB2C06A9825}.Debug|Any CPU.ActiveCfg = Debug|Any CPU
		{D3F793D1-3E81-4C71-9254-1BB2C06A9825}.Debug|Any CPU.Build.0 = Debug|Any CPU
		{D3F793D1-3E81-4C71-9254-1BB2C06A9825}.Release|Any CPU.ActiveCfg = Release|Any CPU
		{D3F793D1-3E81-4C71-9254-1BB2C06A9825}.Release|Any CPU.Build.0 = Release|Any CPU
		{F6AA9AE7-4824-49EA-A0A7-A7D5F8993955}.Debug|Any CPU.ActiveCfg = Debug|Any CPU
		{F6AA9AE7-4824-49EA-A0A7-A7D5F8993955}.Debug|Any CPU.Build.0 = Debug|Any CPU
		{F6AA9AE7-4824-49EA-A0A7-A7D5F8993955}.Release|Any CPU.ActiveCfg = Release|Any CPU
		{F6AA9AE7-4824-49EA-A0A7-A7D5F8993955}.Release|Any CPU.Build.0 = Release|Any CPU
		{8859F96A-C03C-4AE7-B6FC-5D573D6DF8EE}.Debug|Any CPU.ActiveCfg = Debug|Any CPU
		{8859F96A-C03C-4AE7-B6FC-5D573D6DF8EE}.Debug|Any CPU.Build.0 = Debug|Any CPU
		{8859F96A-C03C-4AE7-B6FC-5D573D6DF8EE}.Release|Any CPU.ActiveCfg = Release|Any CPU
		{8859F96A-C03C-4AE7-B6FC-5D573D6DF8EE}.Release|Any CPU.Build.0 = Release|Any CPU
		{E05B8D3F-9945-4807-8EE7-EA94FC1A6957}.Debug|Any CPU.ActiveCfg = Debug|Any CPU
		{E05B8D3F-9945-4807-8EE7-EA94FC1A6957}.Debug|Any CPU.Build.0 = Debug|Any CPU
		{E05B8D3F-9945-4807-8EE7-EA94FC1A6957}.Release|Any CPU.ActiveCfg = Release|Any CPU
		{E05B8D3F-9945-4807-8EE7-EA94FC1A6957}.Release|Any CPU.Build.0 = Release|Any CPU
		{77F80A9A-0257-4068-B9BA-CE3F2FB06B15}.Debug|Any CPU.ActiveCfg = Debug|Any CPU
		{77F80A9A-0257-4068-B9BA-CE3F2FB06B15}.Debug|Any CPU.Build.0 = Debug|Any CPU
		{77F80A9A-0257-4068-B9BA-CE3F2FB06B15}.Release|Any CPU.ActiveCfg = Release|Any CPU
		{77F80A9A-0257-4068-B9BA-CE3F2FB06B15}.Release|Any CPU.Build.0 = Release|Any CPU
		{77FB5505-E9CC-4BCA-8324-A0EAE0FC8B97}.Debug|Any CPU.ActiveCfg = Debug|Any CPU
		{77FB5505-E9CC-4BCA-8324-A0EAE0FC8B97}.Debug|Any CPU.Build.0 = Debug|Any CPU
		{77FB5505-E9CC-4BCA-8324-A0EAE0FC8B97}.Release|Any CPU.ActiveCfg = Release|Any CPU
		{77FB5505-E9CC-4BCA-8324-A0EAE0FC8B97}.Release|Any CPU.Build.0 = Release|Any CPU
		{617C2440-EA1C-4F6C-8962-FEF6FF11FA61}.Debug|Any CPU.ActiveCfg = Debug|Any CPU
		{617C2440-EA1C-4F6C-8962-FEF6FF11FA61}.Debug|Any CPU.Build.0 = Debug|Any CPU
		{617C2440-EA1C-4F6C-8962-FEF6FF11FA61}.Release|Any CPU.ActiveCfg = Release|Any CPU
		{617C2440-EA1C-4F6C-8962-FEF6FF11FA61}.Release|Any CPU.Build.0 = Release|Any CPU
		{C38FB4C1-C066-4BA9-81B3-D42DDF128F37}.Debug|Any CPU.ActiveCfg = Debug|Any CPU
		{C38FB4C1-C066-4BA9-81B3-D42DDF128F37}.Debug|Any CPU.Build.0 = Debug|Any CPU
		{C38FB4C1-C066-4BA9-81B3-D42DDF128F37}.Release|Any CPU.ActiveCfg = Release|Any CPU
		{C38FB4C1-C066-4BA9-81B3-D42DDF128F37}.Release|Any CPU.Build.0 = Release|Any CPU
		{6930DEED-53FD-40DE-B1CB-0048730377EB}.Debug|Any CPU.ActiveCfg = Debug|Any CPU
		{6930DEED-53FD-40DE-B1CB-0048730377EB}.Debug|Any CPU.Build.0 = Debug|Any CPU
		{6930DEED-53FD-40DE-B1CB-0048730377EB}.Release|Any CPU.ActiveCfg = Release|Any CPU
		{6930DEED-53FD-40DE-B1CB-0048730377EB}.Release|Any CPU.Build.0 = Release|Any CPU
		{94015ACF-3E22-4AB1-931A-40B355101EA1}.Debug|Any CPU.ActiveCfg = Debug|Any CPU
		{94015ACF-3E22-4AB1-931A-40B355101EA1}.Debug|Any CPU.Build.0 = Debug|Any CPU
		{94015ACF-3E22-4AB1-931A-40B355101EA1}.Release|Any CPU.ActiveCfg = Release|Any CPU
		{94015ACF-3E22-4AB1-931A-40B355101EA1}.Release|Any CPU.Build.0 = Release|Any CPU
		{8AADAB0E-A6C8-43D8-A9D7-7E31FA5C2A83}.Debug|Any CPU.ActiveCfg = Debug|Any CPU
		{8AADAB0E-A6C8-43D8-A9D7-7E31FA5C2A83}.Debug|Any CPU.Build.0 = Debug|Any CPU
		{8AADAB0E-A6C8-43D8-A9D7-7E31FA5C2A83}.Release|Any CPU.ActiveCfg = Release|Any CPU
		{8AADAB0E-A6C8-43D8-A9D7-7E31FA5C2A83}.Release|Any CPU.Build.0 = Release|Any CPU
		{F8053C22-2496-4789-B16C-2A6D94AF9389}.Debug|Any CPU.ActiveCfg = Debug|Any CPU
		{F8053C22-2496-4789-B16C-2A6D94AF9389}.Debug|Any CPU.Build.0 = Debug|Any CPU
		{F8053C22-2496-4789-B16C-2A6D94AF9389}.Release|Any CPU.ActiveCfg = Release|Any CPU
		{F8053C22-2496-4789-B16C-2A6D94AF9389}.Release|Any CPU.Build.0 = Release|Any CPU
		{6FB2631D-B669-40FF-AC23-79F37C33503A}.Debug|Any CPU.ActiveCfg = Debug|Any CPU
		{6FB2631D-B669-40FF-AC23-79F37C33503A}.Debug|Any CPU.Build.0 = Debug|Any CPU
		{6FB2631D-B669-40FF-AC23-79F37C33503A}.Release|Any CPU.ActiveCfg = Release|Any CPU
		{6FB2631D-B669-40FF-AC23-79F37C33503A}.Release|Any CPU.Build.0 = Release|Any CPU
		{F5FC67C3-F544-48C4-BFDE-CA84FFD803B1}.Debug|Any CPU.ActiveCfg = Debug|Any CPU
		{F5FC67C3-F544-48C4-BFDE-CA84FFD803B1}.Debug|Any CPU.Build.0 = Debug|Any CPU
		{F5FC67C3-F544-48C4-BFDE-CA84FFD803B1}.Release|Any CPU.ActiveCfg = Release|Any CPU
		{F5FC67C3-F544-48C4-BFDE-CA84FFD803B1}.Release|Any CPU.Build.0 = Release|Any CPU
		{B0CB1BC7-9B79-4ECE-8FEA-EA0AD1EB37FD}.Debug|Any CPU.ActiveCfg = Debug|Any CPU
		{B0CB1BC7-9B79-4ECE-8FEA-EA0AD1EB37FD}.Debug|Any CPU.Build.0 = Debug|Any CPU
		{B0CB1BC7-9B79-4ECE-8FEA-EA0AD1EB37FD}.Release|Any CPU.ActiveCfg = Release|Any CPU
		{B0CB1BC7-9B79-4ECE-8FEA-EA0AD1EB37FD}.Release|Any CPU.Build.0 = Release|Any CPU
		{5CF995E1-DE08-4A81-BB97-FEDAB41F429B}.Debug|Any CPU.ActiveCfg = Debug|Any CPU
		{5CF995E1-DE08-4A81-BB97-FEDAB41F429B}.Debug|Any CPU.Build.0 = Debug|Any CPU
		{5CF995E1-DE08-4A81-BB97-FEDAB41F429B}.Release|Any CPU.ActiveCfg = Release|Any CPU
		{5CF995E1-DE08-4A81-BB97-FEDAB41F429B}.Release|Any CPU.Build.0 = Release|Any CPU
		{224A4907-A8D6-4BFD-8805-6FA847F9CED2}.Debug|Any CPU.ActiveCfg = Debug|Any CPU
		{224A4907-A8D6-4BFD-8805-6FA847F9CED2}.Debug|Any CPU.Build.0 = Debug|Any CPU
		{224A4907-A8D6-4BFD-8805-6FA847F9CED2}.Release|Any CPU.ActiveCfg = Release|Any CPU
		{224A4907-A8D6-4BFD-8805-6FA847F9CED2}.Release|Any CPU.Build.0 = Release|Any CPU
		{0CBDB46F-BE44-4BB8-AEDA-24F40093ECC4}.Debug|Any CPU.ActiveCfg = Debug|Any CPU
		{0CBDB46F-BE44-4BB8-AEDA-24F40093ECC4}.Debug|Any CPU.Build.0 = Debug|Any CPU
		{0CBDB46F-BE44-4BB8-AEDA-24F40093ECC4}.Release|Any CPU.ActiveCfg = Release|Any CPU
		{0CBDB46F-BE44-4BB8-AEDA-24F40093ECC4}.Release|Any CPU.Build.0 = Release|Any CPU
		{AFA38228-02CA-4176-A1F5-5C6605B2C327}.Debug|Any CPU.ActiveCfg = Debug|Any CPU
		{AFA38228-02CA-4176-A1F5-5C6605B2C327}.Debug|Any CPU.Build.0 = Debug|Any CPU
		{AFA38228-02CA-4176-A1F5-5C6605B2C327}.Release|Any CPU.ActiveCfg = Release|Any CPU
		{AFA38228-02CA-4176-A1F5-5C6605B2C327}.Release|Any CPU.Build.0 = Release|Any CPU
		{64E158AA-6892-4B7D-9338-2697C109AC1E}.Debug|Any CPU.ActiveCfg = Debug|Any CPU
		{64E158AA-6892-4B7D-9338-2697C109AC1E}.Debug|Any CPU.Build.0 = Debug|Any CPU
		{64E158AA-6892-4B7D-9338-2697C109AC1E}.Release|Any CPU.ActiveCfg = Release|Any CPU
		{64E158AA-6892-4B7D-9338-2697C109AC1E}.Release|Any CPU.Build.0 = Release|Any CPU
		{7F7CF4DD-F626-4CD5-B59F-24E39413FB5A}.Debug|Any CPU.ActiveCfg = Debug|Any CPU
		{7F7CF4DD-F626-4CD5-B59F-24E39413FB5A}.Debug|Any CPU.Build.0 = Debug|Any CPU
		{7F7CF4DD-F626-4CD5-B59F-24E39413FB5A}.Release|Any CPU.ActiveCfg = Release|Any CPU
		{7F7CF4DD-F626-4CD5-B59F-24E39413FB5A}.Release|Any CPU.Build.0 = Release|Any CPU
		{2A17E968-384E-4156-9E50-77D8FF32817E}.Debug|Any CPU.ActiveCfg = Debug|Any CPU
		{2A17E968-384E-4156-9E50-77D8FF32817E}.Debug|Any CPU.Build.0 = Debug|Any CPU
		{2A17E968-384E-4156-9E50-77D8FF32817E}.Release|Any CPU.ActiveCfg = Release|Any CPU
		{2A17E968-384E-4156-9E50-77D8FF32817E}.Release|Any CPU.Build.0 = Release|Any CPU
		{74704B26-8707-48B9-AE89-4B29090C32B6}.Debug|Any CPU.ActiveCfg = Debug|Any CPU
		{74704B26-8707-48B9-AE89-4B29090C32B6}.Debug|Any CPU.Build.0 = Debug|Any CPU
		{74704B26-8707-48B9-AE89-4B29090C32B6}.Release|Any CPU.ActiveCfg = Release|Any CPU
		{74704B26-8707-48B9-AE89-4B29090C32B6}.Release|Any CPU.Build.0 = Release|Any CPU
		{F384206D-8EB8-4949-BCBD-FE8521FA9991}.Debug|Any CPU.ActiveCfg = Debug|Any CPU
		{F384206D-8EB8-4949-BCBD-FE8521FA9991}.Debug|Any CPU.Build.0 = Debug|Any CPU
		{F384206D-8EB8-4949-BCBD-FE8521FA9991}.Release|Any CPU.ActiveCfg = Release|Any CPU
		{F384206D-8EB8-4949-BCBD-FE8521FA9991}.Release|Any CPU.Build.0 = Release|Any CPU
	EndGlobalSection
	GlobalSection(SolutionProperties) = preSolution
		HideSolutionNode = FALSE
	EndGlobalSection
	GlobalSection(NestedProjects) = preSolution
		{35AD8C39-8416-475D-A099-09DFA6797297} = {2B5D2FF9-D50D-423C-8FB3-39BA5E28348B}
		{E31C3D0D-80DA-4819-AF66-5FD61C03C493} = {F9F6CF40-7837-4112-AC56-63DC6AF67D2D}
		{D3F793D1-3E81-4C71-9254-1BB2C06A9825} = {2B5D2FF9-D50D-423C-8FB3-39BA5E28348B}
		{F6AA9AE7-4824-49EA-A0A7-A7D5F8993955} = {2B5D2FF9-D50D-423C-8FB3-39BA5E28348B}
		{8859F96A-C03C-4AE7-B6FC-5D573D6DF8EE} = {2B5D2FF9-D50D-423C-8FB3-39BA5E28348B}
		{E05B8D3F-9945-4807-8EE7-EA94FC1A6957} = {F9F6CF40-7837-4112-AC56-63DC6AF67D2D}
		{77F80A9A-0257-4068-B9BA-CE3F2FB06B15} = {F9F6CF40-7837-4112-AC56-63DC6AF67D2D}
		{77FB5505-E9CC-4BCA-8324-A0EAE0FC8B97} = {2B5D2FF9-D50D-423C-8FB3-39BA5E28348B}
		{617C2440-EA1C-4F6C-8962-FEF6FF11FA61} = {F9F6CF40-7837-4112-AC56-63DC6AF67D2D}
		{C38FB4C1-C066-4BA9-81B3-D42DDF128F37} = {F9F6CF40-7837-4112-AC56-63DC6AF67D2D}
		{6930DEED-53FD-40DE-B1CB-0048730377EB} = {F9F6CF40-7837-4112-AC56-63DC6AF67D2D}
		{94015ACF-3E22-4AB1-931A-40B355101EA1} = {F9F6CF40-7837-4112-AC56-63DC6AF67D2D}
		{8AADAB0E-A6C8-43D8-A9D7-7E31FA5C2A83} = {F9F6CF40-7837-4112-AC56-63DC6AF67D2D}
		{AB5A2D10-5763-4EEE-B64A-49BAE95EEC7B} = {2FE7ABF3-5E9D-4703-B305-63BE17030251}
		{F8053C22-2496-4789-B16C-2A6D94AF9389} = {AB5A2D10-5763-4EEE-B64A-49BAE95EEC7B}
		{6FB2631D-B669-40FF-AC23-79F37C33503A} = {AB5A2D10-5763-4EEE-B64A-49BAE95EEC7B}
		{FE8F6C88-6D51-45D7-82B9-40525FA830E3} = {37CBAC7D-F45F-4B99-A0C0-D4C4216CF0EF}
		{F5FC67C3-F544-48C4-BFDE-CA84FFD803B1} = {FE8F6C88-6D51-45D7-82B9-40525FA830E3}
		{B0CB1BC7-9B79-4ECE-8FEA-EA0AD1EB37FD} = {FE8F6C88-6D51-45D7-82B9-40525FA830E3}
		{E1E1A9EF-EF7B-40F8-8A25-B9FC3E694977} = {37CBAC7D-F45F-4B99-A0C0-D4C4216CF0EF}
		{5CF995E1-DE08-4A81-BB97-FEDAB41F429B} = {E1E1A9EF-EF7B-40F8-8A25-B9FC3E694977}
		{224A4907-A8D6-4BFD-8805-6FA847F9CED2} = {E1E1A9EF-EF7B-40F8-8A25-B9FC3E694977}
		{41BC3264-83F1-4C58-AC40-1954FC75485E} = {2FE7ABF3-5E9D-4703-B305-63BE17030251}
		{0CBDB46F-BE44-4BB8-AEDA-24F40093ECC4} = {41BC3264-83F1-4C58-AC40-1954FC75485E}
		{AFA38228-02CA-4176-A1F5-5C6605B2C327} = {41BC3264-83F1-4C58-AC40-1954FC75485E}
		{918054BC-A991-494F-A9B8-F5C849FA5840} = {2FE7ABF3-5E9D-4703-B305-63BE17030251}
		{64E158AA-6892-4B7D-9338-2697C109AC1E} = {918054BC-A991-494F-A9B8-F5C849FA5840}
		{BF320BE0-C632-4FE1-ACFE-607BA6F57D5D} = {2FE7ABF3-5E9D-4703-B305-63BE17030251}
		{7F7CF4DD-F626-4CD5-B59F-24E39413FB5A} = {BF320BE0-C632-4FE1-ACFE-607BA6F57D5D}
		{46C17BEE-23DC-4A13-96AC-A134B51F82E2} = {2FE7ABF3-5E9D-4703-B305-63BE17030251}
		{2A17E968-384E-4156-9E50-77D8FF32817E} = {46C17BEE-23DC-4A13-96AC-A134B51F82E2}
		{74704B26-8707-48B9-AE89-4B29090C32B6} = {46C17BEE-23DC-4A13-96AC-A134B51F82E2}
		{F4D3503C-B4FE-4C85-AD40-B91B12526590} = {2FE7ABF3-5E9D-4703-B305-63BE17030251}
		{F384206D-8EB8-4949-BCBD-FE8521FA9991} = {F4D3503C-B4FE-4C85-AD40-B91B12526590}
	EndGlobalSection
EndGlobal
