
Microsoft Visual Studio Solution File, Format Version 12.00
# Visual Studio 14
VisualStudioVersion = 14.0.25420.1
MinimumVisualStudioVersion = 10.0.40219.1
Project("{FAE04EC0-301F-11D3-BF4B-00C04F79EFBC}") = "mean_median_and_mode", "hackerrank.solutions.mean_median_and_mode\mean_median_and_mode.csproj", "{77FB5505-E9CC-4BCA-8324-A0EAE0FC8B97}"
EndProject
Project("{2150E333-8FDC-42A3-9474-1A3956D46DE8}") = "10 Days Of Statistics", "10 Days Of Statistics", "{2B5D2FF9-D50D-423C-8FB3-39BA5E28348B}"
EndProject
Project("{FAE04EC0-301F-11D3-BF4B-00C04F79EFBC}") = "weighted_mean", "weighted_mean\weighted_mean.csproj", "{35AD8C39-8416-475D-A099-09DFA6797297}"
EndProject
Project("{2150E333-8FDC-42A3-9474-1A3956D46DE8}") = "Cracking the Coding Interview Challenges", "Cracking the Coding Interview Challenges", "{F9F6CF40-7837-4112-AC56-63DC6AF67D2D}"
EndProject
Project("{FAE04EC0-301F-11D3-BF4B-00C04F79EFBC}") = "arrays_left_rotation", "arrays_left_rotation\arrays_left_rotation.csproj", "{E31C3D0D-80DA-4819-AF66-5FD61C03C493}"
EndProject
Project("{FAE04EC0-301F-11D3-BF4B-00C04F79EFBC}") = "quartiles", "quartiles\quartiles.csproj", "{D3F793D1-3E81-4C71-9254-1BB2C06A9825}"
EndProject
Project("{FAE04EC0-301F-11D3-BF4B-00C04F79EFBC}") = "interquartile_range", "interquartile_range\interquartile_range.csproj", "{F6AA9AE7-4824-49EA-A0A7-A7D5F8993955}"
EndProject
Project("{FAE04EC0-301F-11D3-BF4B-00C04F79EFBC}") = "standard_deviation", "standard_deviation\standard_deviation.csproj", "{8859F96A-C03C-4AE7-B6FC-5D573D6DF8EE}"
EndProject
Global
	GlobalSection(SolutionConfigurationPlatforms) = preSolution
		Debug|Any CPU = Debug|Any CPU
		Release|Any CPU = Release|Any CPU
	EndGlobalSection
	GlobalSection(ProjectConfigurationPlatforms) = postSolution
		{77FB5505-E9CC-4BCA-8324-A0EAE0FC8B97}.Debug|Any CPU.ActiveCfg = Debug|Any CPU
		{77FB5505-E9CC-4BCA-8324-A0EAE0FC8B97}.Debug|Any CPU.Build.0 = Debug|Any CPU
		{77FB5505-E9CC-4BCA-8324-A0EAE0FC8B97}.Release|Any CPU.ActiveCfg = Release|Any CPU
		{77FB5505-E9CC-4BCA-8324-A0EAE0FC8B97}.Release|Any CPU.Build.0 = Release|Any CPU
		{35AD8C39-8416-475D-A099-09DFA6797297}.Debug|Any CPU.ActiveCfg = Debug|Any CPU
		{35AD8C39-8416-475D-A099-09DFA6797297}.Debug|Any CPU.Build.0 = Debug|Any CPU
		{35AD8C39-8416-475D-A099-09DFA6797297}.Release|Any CPU.ActiveCfg = Release|Any CPU
		{35AD8C39-8416-475D-A099-09DFA6797297}.Release|Any CPU.Build.0 = Release|Any CPU
		{E31C3D0D-80DA-4819-AF66-5FD61C03C493}.Debug|Any CPU.ActiveCfg = Debug|Any CPU
		{E31C3D0D-80DA-4819-AF66-5FD61C03C493}.Debug|Any CPU.Build.0 = Debug|Any CPU
		{E31C3D0D-80DA-4819-AF66-5FD61C03C493}.Release|Any CPU.ActiveCfg = Release|Any CPU
		{E31C3D0D-80DA-4819-AF66-5FD61C03C493}.Release|Any CPU.Build.0 = Release|Any CPU
		{D3F793D1-3E81-4C71-9254-1BB2C06A9825}.Debug|Any CPU.ActiveCfg = Debug|Any CPU
		{D3F793D1-3E81-4C71-9254-1BB2C06A9825}.Debug|Any CPU.Build.0 = Debug|Any CPU
		{D3F793D1-3E81-4C71-9254-1BB2C06A9825}.Release|Any CPU.ActiveCfg = Release|Any CPU
		{D3F793D1-3E81-4C71-9254-1BB2C06A9825}.Release|Any CPU.Build.0 = Release|Any CPU
		{F6AA9AE7-4824-49EA-A0A7-A7D5F8993955}.Debug|Any CPU.ActiveCfg = Debug|Any CPU
		{F6AA9AE7-4824-49EA-A0A7-A7D5F8993955}.Debug|Any CPU.Build.0 = Debug|Any CPU
		{F6AA9AE7-4824-49EA-A0A7-A7D5F8993955}.Release|Any CPU.ActiveCfg = Release|Any CPU
		{F6AA9AE7-4824-49EA-A0A7-A7D5F8993955}.Release|Any CPU.Build.0 = Release|Any CPU
		{8859F96A-C03C-4AE7-B6FC-5D573D6DF8EE}.Debug|Any CPU.ActiveCfg = Debug|Any CPU
		{8859F96A-C03C-4AE7-B6FC-5D573D6DF8EE}.Debug|Any CPU.Build.0 = Debug|Any CPU
		{8859F96A-C03C-4AE7-B6FC-5D573D6DF8EE}.Release|Any CPU.ActiveCfg = Release|Any CPU
		{8859F96A-C03C-4AE7-B6FC-5D573D6DF8EE}.Release|Any CPU.Build.0 = Release|Any CPU
	EndGlobalSection
	GlobalSection(SolutionProperties) = preSolution
		HideSolutionNode = FALSE
	EndGlobalSection
	GlobalSection(NestedProjects) = preSolution
		{77FB5505-E9CC-4BCA-8324-A0EAE0FC8B97} = {2B5D2FF9-D50D-423C-8FB3-39BA5E28348B}
		{35AD8C39-8416-475D-A099-09DFA6797297} = {2B5D2FF9-D50D-423C-8FB3-39BA5E28348B}
		{E31C3D0D-80DA-4819-AF66-5FD61C03C493} = {F9F6CF40-7837-4112-AC56-63DC6AF67D2D}
		{D3F793D1-3E81-4C71-9254-1BB2C06A9825} = {2B5D2FF9-D50D-423C-8FB3-39BA5E28348B}
		{F6AA9AE7-4824-49EA-A0A7-A7D5F8993955} = {2B5D2FF9-D50D-423C-8FB3-39BA5E28348B}
		{8859F96A-C03C-4AE7-B6FC-5D573D6DF8EE} = {2B5D2FF9-D50D-423C-8FB3-39BA5E28348B}
	EndGlobalSection
EndGlobal
